
Microsoft Visual Studio Solution File, Format Version 12.00
# Visual Studio 14
VisualStudioVersion = 14.0.25420.1
MinimumVisualStudioVersion = 10.0.40219.1
Project("{FAE04EC0-301F-11D3-BF4B-00C04F79EFBC}") = "TcAdsExtensions", "TcAdsExtensions\TcAdsExtensions.csproj", "{7C21ADD2-B1CD-4399-97C7-D42E46ECE9B5}"
EndProject
Project("{B1E792BE-AA5F-4E3C-8C82-674BF9C0715B}") = "TwinCAT Project", "TwinCAT Project\TwinCAT Project.tsproj", "{ED517A5F-1D14-44F4-A2B6-823CBEB2ED47}"
EndProject
Global
	GlobalSection(SolutionConfigurationPlatforms) = preSolution
		Debug|Any CPU = Debug|Any CPU
		Debug|TwinCAT CE7 (ARMV7) = Debug|TwinCAT CE7 (ARMV7)
		Debug|TwinCAT OS (ARMT2) = Debug|TwinCAT OS (ARMT2)
		Debug|TwinCAT RT (x64) = Debug|TwinCAT RT (x64)
		Debug|TwinCAT RT (x86) = Debug|TwinCAT RT (x86)
		Release|Any CPU = Release|Any CPU
		Release|TwinCAT CE7 (ARMV7) = Release|TwinCAT CE7 (ARMV7)
		Release|TwinCAT OS (ARMT2) = Release|TwinCAT OS (ARMT2)
		Release|TwinCAT RT (x64) = Release|TwinCAT RT (x64)
		Release|TwinCAT RT (x86) = Release|TwinCAT RT (x86)
	EndGlobalSection
	GlobalSection(ProjectConfigurationPlatforms) = postSolution
		{7C21ADD2-B1CD-4399-97C7-D42E46ECE9B5}.Debug|Any CPU.ActiveCfg = Debug|Any CPU
		{7C21ADD2-B1CD-4399-97C7-D42E46ECE9B5}.Debug|Any CPU.Build.0 = Debug|Any CPU
		{7C21ADD2-B1CD-4399-97C7-D42E46ECE9B5}.Debug|TwinCAT CE7 (ARMV7).ActiveCfg = Debug|Any CPU
		{7C21ADD2-B1CD-4399-97C7-D42E46ECE9B5}.Debug|TwinCAT CE7 (ARMV7).Build.0 = Debug|Any CPU
		{7C21ADD2-B1CD-4399-97C7-D42E46ECE9B5}.Debug|TwinCAT OS (ARMT2).ActiveCfg = Debug|Any CPU
		{7C21ADD2-B1CD-4399-97C7-D42E46ECE9B5}.Debug|TwinCAT OS (ARMT2).Build.0 = Debug|Any CPU
		{7C21ADD2-B1CD-4399-97C7-D42E46ECE9B5}.Debug|TwinCAT RT (x64).ActiveCfg = Debug|Any CPU
		{7C21ADD2-B1CD-4399-97C7-D42E46ECE9B5}.Debug|TwinCAT RT (x64).Build.0 = Debug|Any CPU
		{7C21ADD2-B1CD-4399-97C7-D42E46ECE9B5}.Debug|TwinCAT RT (x86).ActiveCfg = Debug|Any CPU
		{7C21ADD2-B1CD-4399-97C7-D42E46ECE9B5}.Debug|TwinCAT RT (x86).Build.0 = Debug|Any CPU
		{7C21ADD2-B1CD-4399-97C7-D42E46ECE9B5}.Release|Any CPU.ActiveCfg = Release|Any CPU
		{7C21ADD2-B1CD-4399-97C7-D42E46ECE9B5}.Release|Any CPU.Build.0 = Release|Any CPU
		{7C21ADD2-B1CD-4399-97C7-D42E46ECE9B5}.Release|TwinCAT CE7 (ARMV7).ActiveCfg = Release|Any CPU
		{7C21ADD2-B1CD-4399-97C7-D42E46ECE9B5}.Release|TwinCAT CE7 (ARMV7).Build.0 = Release|Any CPU
		{7C21ADD2-B1CD-4399-97C7-D42E46ECE9B5}.Release|TwinCAT OS (ARMT2).ActiveCfg = Release|Any CPU
		{7C21ADD2-B1CD-4399-97C7-D42E46ECE9B5}.Release|TwinCAT OS (ARMT2).Build.0 = Release|Any CPU
		{7C21ADD2-B1CD-4399-97C7-D42E46ECE9B5}.Release|TwinCAT RT (x64).ActiveCfg = Release|Any CPU
		{7C21ADD2-B1CD-4399-97C7-D42E46ECE9B5}.Release|TwinCAT RT (x64).Build.0 = Release|Any CPU
		{7C21ADD2-B1CD-4399-97C7-D42E46ECE9B5}.Release|TwinCAT RT (x86).ActiveCfg = Release|Any CPU
		{7C21ADD2-B1CD-4399-97C7-D42E46ECE9B5}.Release|TwinCAT RT (x86).Build.0 = Release|Any CPU
		{ED517A5F-1D14-44F4-A2B6-823CBEB2ED47}.Debug|Any CPU.ActiveCfg = Debug|TwinCAT RT (x64)
		{ED517A5F-1D14-44F4-A2B6-823CBEB2ED47}.Debug|Any CPU.Build.0 = Debug|TwinCAT RT (x64)
		{ED517A5F-1D14-44F4-A2B6-823CBEB2ED47}.Debug|TwinCAT CE7 (ARMV7).ActiveCfg = Debug|TwinCAT CE7 (ARMV7)
		{ED517A5F-1D14-44F4-A2B6-823CBEB2ED47}.Debug|TwinCAT CE7 (ARMV7).Build.0 = Debug|TwinCAT CE7 (ARMV7)
		{ED517A5F-1D14-44F4-A2B6-823CBEB2ED47}.Debug|TwinCAT OS (ARMT2).ActiveCfg = Debug|TwinCAT OS (ARMT2)
		{ED517A5F-1D14-44F4-A2B6-823CBEB2ED47}.Debug|TwinCAT OS (ARMT2).Build.0 = Debug|TwinCAT OS (ARMT2)
		{ED517A5F-1D14-44F4-A2B6-823CBEB2ED47}.Debug|TwinCAT RT (x64).ActiveCfg = Debug|TwinCAT RT (x64)
		{ED517A5F-1D14-44F4-A2B6-823CBEB2ED47}.Debug|TwinCAT RT (x64).Build.0 = Debug|TwinCAT RT (x64)
		{ED517A5F-1D14-44F4-A2B6-823CBEB2ED47}.Debug|TwinCAT RT (x86).ActiveCfg = Debug|TwinCAT RT (x86)
		{ED517A5F-1D14-44F4-A2B6-823CBEB2ED47}.Debug|TwinCAT RT (x86).Build.0 = Debug|TwinCAT RT (x86)
		{ED517A5F-1D14-44F4-A2B6-823CBEB2ED47}.Release|Any CPU.ActiveCfg = Release|TwinCAT RT (x64)
		{ED517A5F-1D14-44F4-A2B6-823CBEB2ED47}.Release|Any CPU.Build.0 = Release|TwinCAT RT (x64)
		{ED517A5F-1D14-44F4-A2B6-823CBEB2ED47}.Release|TwinCAT CE7 (ARMV7).ActiveCfg = Release|TwinCAT CE7 (ARMV7)
		{ED517A5F-1D14-44F4-A2B6-823CBEB2ED47}.Release|TwinCAT CE7 (ARMV7).Build.0 = Release|TwinCAT CE7 (ARMV7)
		{ED517A5F-1D14-44F4-A2B6-823CBEB2ED47}.Release|TwinCAT OS (ARMT2).ActiveCfg = Release|TwinCAT OS (ARMT2)
		{ED517A5F-1D14-44F4-A2B6-823CBEB2ED47}.Release|TwinCAT OS (ARMT2).Build.0 = Release|TwinCAT OS (ARMT2)
		{ED517A5F-1D14-44F4-A2B6-823CBEB2ED47}.Release|TwinCAT RT (x64).ActiveCfg = Release|TwinCAT RT (x64)
		{ED517A5F-1D14-44F4-A2B6-823CBEB2ED47}.Release|TwinCAT RT (x64).Build.0 = Release|TwinCAT RT (x64)
		{ED517A5F-1D14-44F4-A2B6-823CBEB2ED47}.Release|TwinCAT RT (x86).ActiveCfg = Release|TwinCAT RT (x86)
		{ED517A5F-1D14-44F4-A2B6-823CBEB2ED47}.Release|TwinCAT RT (x86).Build.0 = Release|TwinCAT RT (x86)
		{5701C438-7A44-454F-ABC8-04B372E5092E}.Debug|Any CPU.ActiveCfg = Debug|TwinCAT RT (x64)
		{5701C438-7A44-454F-ABC8-04B372E5092E}.Debug|Any CPU.Build.0 = Debug|TwinCAT RT (x64)
		{5701C438-7A44-454F-ABC8-04B372E5092E}.Debug|TwinCAT CE7 (ARMV7).ActiveCfg = Debug|TwinCAT CE7 (ARMV7)
		{5701C438-7A44-454F-ABC8-04B372E5092E}.Debug|TwinCAT CE7 (ARMV7).Build.0 = Debug|TwinCAT CE7 (ARMV7)
		{5701C438-7A44-454F-ABC8-04B372E5092E}.Debug|TwinCAT OS (ARMT2).ActiveCfg = Debug|TwinCAT OS (ARMT2)
		{5701C438-7A44-454F-ABC8-04B372E5092E}.Debug|TwinCAT OS (ARMT2).Build.0 = Debug|TwinCAT OS (ARMT2)
		{5701C438-7A44-454F-ABC8-04B372E5092E}.Debug|TwinCAT RT (x64).ActiveCfg = Debug|TwinCAT RT (x64)
		{5701C438-7A44-454F-ABC8-04B372E5092E}.Debug|TwinCAT RT (x64).Build.0 = Debug|TwinCAT RT (x64)
		{5701C438-7A44-454F-ABC8-04B372E5092E}.Debug|TwinCAT RT (x86).ActiveCfg = Debug|TwinCAT RT (x86)
		{5701C438-7A44-454F-ABC8-04B372E5092E}.Debug|TwinCAT RT (x86).Build.0 = Debug|TwinCAT RT (x86)
		{5701C438-7A44-454F-ABC8-04B372E5092E}.Release|Any CPU.ActiveCfg = Release|TwinCAT RT (x64)
		{5701C438-7A44-454F-ABC8-04B372E5092E}.Release|Any CPU.Build.0 = Release|TwinCAT RT (x64)
		{5701C438-7A44-454F-ABC8-04B372E5092E}.Release|TwinCAT CE7 (ARMV7).ActiveCfg = Release|TwinCAT CE7 (ARMV7)
		{5701C438-7A44-454F-ABC8-04B372E5092E}.Release|TwinCAT CE7 (ARMV7).Build.0 = Release|TwinCAT CE7 (ARMV7)
		{5701C438-7A44-454F-ABC8-04B372E5092E}.Release|TwinCAT OS (ARMT2).ActiveCfg = Release|TwinCAT OS (ARMT2)
		{5701C438-7A44-454F-ABC8-04B372E5092E}.Release|TwinCAT OS (ARMT2).Build.0 = Release|TwinCAT OS (ARMT2)
		{5701C438-7A44-454F-ABC8-04B372E5092E}.Release|TwinCAT RT (x64).ActiveCfg = Release|TwinCAT RT (x64)
		{5701C438-7A44-454F-ABC8-04B372E5092E}.Release|TwinCAT RT (x64).Build.0 = Release|TwinCAT RT (x64)
		{5701C438-7A44-454F-ABC8-04B372E5092E}.Release|TwinCAT RT (x86).ActiveCfg = Release|TwinCAT RT (x86)
		{5701C438-7A44-454F-ABC8-04B372E5092E}.Release|TwinCAT RT (x86).Build.0 = Release|TwinCAT RT (x86)
	EndGlobalSection
	GlobalSection(SolutionProperties) = preSolution
		HideSolutionNode = FALSE
	EndGlobalSection
EndGlobal
